// !$*UTF8*$!
{
	archiveVersion = 1;
	classes = {
	};
	objectVersion = 50;
	objects = {

/* Begin PBXBuildFile section */
		672E3EB225B9673B00952757 /* AppDelegate.swift in Sources */ = {isa = PBXBuildFile; fileRef = 672E3EB125B9673B00952757 /* AppDelegate.swift */; };
		672E3EB425B9673B00952757 /* SceneDelegate.swift in Sources */ = {isa = PBXBuildFile; fileRef = 672E3EB325B9673B00952757 /* SceneDelegate.swift */; };
		672E3EB625B9673B00952757 /* ViewController.swift in Sources */ = {isa = PBXBuildFile; fileRef = 672E3EB525B9673B00952757 /* ViewController.swift */; };
		672E3EB925B9673B00952757 /* Main.storyboard in Resources */ = {isa = PBXBuildFile; fileRef = 672E3EB725B9673B00952757 /* Main.storyboard */; };
		672E3EBB25B9673C00952757 /* Assets.xcassets in Resources */ = {isa = PBXBuildFile; fileRef = 672E3EBA25B9673C00952757 /* Assets.xcassets */; };
		672E3EBE25B9673C00952757 /* LaunchScreen.storyboard in Resources */ = {isa = PBXBuildFile; fileRef = 672E3EBC25B9673C00952757 /* LaunchScreen.storyboard */; };
		672E3EC925B9673C00952757 /* VerticalScrollTests.swift in Sources */ = {isa = PBXBuildFile; fileRef = 672E3EC825B9673C00952757 /* VerticalScrollTests.swift */; };
		672E3ED425B9673C00952757 /* VerticalScrollUITests.swift in Sources */ = {isa = PBXBuildFile; fileRef = 672E3ED325B9673C00952757 /* VerticalScrollUITests.swift */; };
		672E3EE525B9677A00952757 /* FirstCollectionViewCell.swift in Sources */ = {isa = PBXBuildFile; fileRef = 672E3EE425B9677A00952757 /* FirstCollectionViewCell.swift */; };
/* End PBXBuildFile section */

/* Begin PBXContainerItemProxy section */
		672E3EC525B9673C00952757 /* PBXContainerItemProxy */ = {
			isa = PBXContainerItemProxy;
			containerPortal = 672E3EA625B9673B00952757 /* Project object */;
			proxyType = 1;
			remoteGlobalIDString = 672E3EAD25B9673B00952757;
			remoteInfo = VerticalScroll;
		};
		672E3ED025B9673C00952757 /* PBXContainerItemProxy */ = {
			isa = PBXContainerItemProxy;
			containerPortal = 672E3EA625B9673B00952757 /* Project object */;
			proxyType = 1;
			remoteGlobalIDString = 672E3EAD25B9673B00952757;
			remoteInfo = VerticalScroll;
		};
/* End PBXContainerItemProxy section */

/* Begin PBXFileReference section */
		672E3EAE25B9673B00952757 /* VerticalScroll.app */ = {isa = PBXFileReference; explicitFileType = wrapper.application; includeInIndex = 0; path = VerticalScroll.app; sourceTree = BUILT_PRODUCTS_DIR; };
		672E3EB125B9673B00952757 /* AppDelegate.swift */ = {isa = PBXFileReference; lastKnownFileType = sourcecode.swift; path = AppDelegate.swift; sourceTree = "<group>"; };
		672E3EB325B9673B00952757 /* SceneDelegate.swift */ = {isa = PBXFileReference; lastKnownFileType = sourcecode.swift; path = SceneDelegate.swift; sourceTree = "<group>"; };
		672E3EB525B9673B00952757 /* ViewController.swift */ = {isa = PBXFileReference; lastKnownFileType = sourcecode.swift; path = ViewController.swift; sourceTree = "<group>"; };
		672E3EB825B9673B00952757 /* Base */ = {isa = PBXFileReference; lastKnownFileType = file.storyboard; name = Base; path = Base.lproj/Main.storyboard; sourceTree = "<group>"; };
		672E3EBA25B9673C00952757 /* Assets.xcassets */ = {isa = PBXFileReference; lastKnownFileType = folder.assetcatalog; path = Assets.xcassets; sourceTree = "<group>"; };
		672E3EBD25B9673C00952757 /* Base */ = {isa = PBXFileReference; lastKnownFileType = file.storyboard; name = Base; path = Base.lproj/LaunchScreen.storyboard; sourceTree = "<group>"; };
		672E3EBF25B9673C00952757 /* Info.plist */ = {isa = PBXFileReference; lastKnownFileType = text.plist.xml; path = Info.plist; sourceTree = "<group>"; };
		672E3EC425B9673C00952757 /* VerticalScrollTests.xctest */ = {isa = PBXFileReference; explicitFileType = wrapper.cfbundle; includeInIndex = 0; path = VerticalScrollTests.xctest; sourceTree = BUILT_PRODUCTS_DIR; };
		672E3EC825B9673C00952757 /* VerticalScrollTests.swift */ = {isa = PBXFileReference; lastKnownFileType = sourcecode.swift; path = VerticalScrollTests.swift; sourceTree = "<group>"; };
		672E3ECA25B9673C00952757 /* Info.plist */ = {isa = PBXFileReference; lastKnownFileType = text.plist.xml; path = Info.plist; sourceTree = "<group>"; };
		672E3ECF25B9673C00952757 /* VerticalScrollUITests.xctest */ = {isa = PBXFileReference; explicitFileType = wrapper.cfbundle; includeInIndex = 0; path = VerticalScrollUITests.xctest; sourceTree = BUILT_PRODUCTS_DIR; };
		672E3ED325B9673C00952757 /* VerticalScrollUITests.swift */ = {isa = PBXFileReference; lastKnownFileType = sourcecode.swift; path = VerticalScrollUITests.swift; sourceTree = "<group>"; };
		672E3ED525B9673C00952757 /* Info.plist */ = {isa = PBXFileReference; lastKnownFileType = text.plist.xml; path = Info.plist; sourceTree = "<group>"; };
		672E3EE425B9677A00952757 /* FirstCollectionViewCell.swift */ = {isa = PBXFileReference; lastKnownFileType = sourcecode.swift; path = FirstCollectionViewCell.swift; sourceTree = "<group>"; };
/* End PBXFileReference section */

/* Begin PBXFrameworksBuildPhase section */
		672E3EAB25B9673B00952757 /* Frameworks */ = {
			isa = PBXFrameworksBuildPhase;
			buildActionMask = 2147483647;
			files = (
			);
			runOnlyForDeploymentPostprocessing = 0;
		};
		672E3EC125B9673C00952757 /* Frameworks */ = {
			isa = PBXFrameworksBuildPhase;
			buildActionMask = 2147483647;
			files = (
			);
			runOnlyForDeploymentPostprocessing = 0;
		};
		672E3ECC25B9673C00952757 /* Frameworks */ = {
			isa = PBXFrameworksBuildPhase;
			buildActionMask = 2147483647;
			files = (
			);
			runOnlyForDeploymentPostprocessing = 0;
		};
/* End PBXFrameworksBuildPhase section */

/* Begin PBXGroup section */
		672E3EA525B9673B00952757 = {
			isa = PBXGroup;
			children = (
				672E3EB025B9673B00952757 /* VerticalScroll */,
				672E3EC725B9673C00952757 /* VerticalScrollTests */,
				672E3ED225B9673C00952757 /* VerticalScrollUITests */,
				672E3EAF25B9673B00952757 /* Products */,
			);
			sourceTree = "<group>";
		};
		672E3EAF25B9673B00952757 /* Products */ = {
			isa = PBXGroup;
			children = (
				672E3EAE25B9673B00952757 /* VerticalScroll.app */,
				672E3EC425B9673C00952757 /* VerticalScrollTests.xctest */,
				672E3ECF25B9673C00952757 /* VerticalScrollUITests.xctest */,
			);
			name = Products;
			sourceTree = "<group>";
		};
		672E3EB025B9673B00952757 /* VerticalScroll */ = {
			isa = PBXGroup;
			children = (
				672E3EB125B9673B00952757 /* AppDelegate.swift */,
				672E3EB325B9673B00952757 /* SceneDelegate.swift */,
				672E3EB525B9673B00952757 /* ViewController.swift */,
				672E3EE425B9677A00952757 /* FirstCollectionViewCell.swift */,
				672E3EB725B9673B00952757 /* Main.storyboard */,
				672E3EBA25B9673C00952757 /* Assets.xcassets */,
				672E3EBC25B9673C00952757 /* LaunchScreen.storyboard */,
				672E3EBF25B9673C00952757 /* Info.plist */,
			);
			path = VerticalScroll;
			sourceTree = "<group>";
		};
		672E3EC725B9673C00952757 /* VerticalScrollTests */ = {
			isa = PBXGroup;
			children = (
				672E3EC825B9673C00952757 /* VerticalScrollTests.swift */,
				672E3ECA25B9673C00952757 /* Info.plist */,
			);
			path = VerticalScrollTests;
			sourceTree = "<group>";
		};
		672E3ED225B9673C00952757 /* VerticalScrollUITests */ = {
			isa = PBXGroup;
			children = (
				672E3ED325B9673C00952757 /* VerticalScrollUITests.swift */,
				672E3ED525B9673C00952757 /* Info.plist */,
			);
			path = VerticalScrollUITests;
			sourceTree = "<group>";
		};
/* End PBXGroup section */

/* Begin PBXNativeTarget section */
		672E3EAD25B9673B00952757 /* VerticalScroll */ = {
			isa = PBXNativeTarget;
			buildConfigurationList = 672E3ED825B9673C00952757 /* Build configuration list for PBXNativeTarget "VerticalScroll" */;
			buildPhases = (
				672E3EAA25B9673B00952757 /* Sources */,
				672E3EAB25B9673B00952757 /* Frameworks */,
				672E3EAC25B9673B00952757 /* Resources */,
			);
			buildRules = (
			);
			dependencies = (
			);
			name = VerticalScroll;
			productName = VerticalScroll;
			productReference = 672E3EAE25B9673B00952757 /* VerticalScroll.app */;
			productType = "com.apple.product-type.application";
		};
		672E3EC325B9673C00952757 /* VerticalScrollTests */ = {
			isa = PBXNativeTarget;
			buildConfigurationList = 672E3EDB25B9673C00952757 /* Build configuration list for PBXNativeTarget "VerticalScrollTests" */;
			buildPhases = (
				672E3EC025B9673C00952757 /* Sources */,
				672E3EC125B9673C00952757 /* Frameworks */,
				672E3EC225B9673C00952757 /* Resources */,
			);
			buildRules = (
			);
			dependencies = (
				672E3EC625B9673C00952757 /* PBXTargetDependency */,
			);
			name = VerticalScrollTests;
			productName = VerticalScrollTests;
			productReference = 672E3EC425B9673C00952757 /* VerticalScrollTests.xctest */;
			productType = "com.apple.product-type.bundle.unit-test";
		};
		672E3ECE25B9673C00952757 /* VerticalScrollUITests */ = {
			isa = PBXNativeTarget;
			buildConfigurationList = 672E3EDE25B9673C00952757 /* Build configuration list for PBXNativeTarget "VerticalScrollUITests" */;
			buildPhases = (
				672E3ECB25B9673C00952757 /* Sources */,
				672E3ECC25B9673C00952757 /* Frameworks */,
				672E3ECD25B9673C00952757 /* Resources */,
			);
			buildRules = (
			);
			dependencies = (
				672E3ED125B9673C00952757 /* PBXTargetDependency */,
			);
			name = VerticalScrollUITests;
			productName = VerticalScrollUITests;
			productReference = 672E3ECF25B9673C00952757 /* VerticalScrollUITests.xctest */;
			productType = "com.apple.product-type.bundle.ui-testing";
		};
/* End PBXNativeTarget section */

/* Begin PBXProject section */
		672E3EA625B9673B00952757 /* Project object */ = {
			isa = PBXProject;
			attributes = {
				LastSwiftUpdateCheck = 1230;
				LastUpgradeCheck = 1230;
				TargetAttributes = {
					672E3EAD25B9673B00952757 = {
						CreatedOnToolsVersion = 12.3;
					};
					672E3EC325B9673C00952757 = {
						CreatedOnToolsVersion = 12.3;
						TestTargetID = 672E3EAD25B9673B00952757;
					};
					672E3ECE25B9673C00952757 = {
						CreatedOnToolsVersion = 12.3;
						TestTargetID = 672E3EAD25B9673B00952757;
					};
				};
			};
			buildConfigurationList = 672E3EA925B9673B00952757 /* Build configuration list for PBXProject "VerticalScroll" */;
			compatibilityVersion = "Xcode 9.3";
			developmentRegion = en;
			hasScannedForEncodings = 0;
			knownRegions = (
				en,
				Base,
			);
			mainGroup = 672E3EA525B9673B00952757;
			productRefGroup = 672E3EAF25B9673B00952757 /* Products */;
			projectDirPath = "";
			projectRoot = "";
			targets = (
				672E3EAD25B9673B00952757 /* VerticalScroll */,
				672E3EC325B9673C00952757 /* VerticalScrollTests */,
				672E3ECE25B9673C00952757 /* VerticalScrollUITests */,
			);
		};
/* End PBXProject section */

/* Begin PBXResourcesBuildPhase section */
		672E3EAC25B9673B00952757 /* Resources */ = {
			isa = PBXResourcesBuildPhase;
			buildActionMask = 2147483647;
			files = (
				672E3EBE25B9673C00952757 /* LaunchScreen.storyboard in Resources */,
				672E3EBB25B9673C00952757 /* Assets.xcassets in Resources */,
				672E3EB925B9673B00952757 /* Main.storyboard in Resources */,
			);
			runOnlyForDeploymentPostprocessing = 0;
		};
		672E3EC225B9673C00952757 /* Resources */ = {
			isa = PBXResourcesBuildPhase;
			buildActionMask = 2147483647;
			files = (
			);
			runOnlyForDeploymentPostprocessing = 0;
		};
		672E3ECD25B9673C00952757 /* Resources */ = {
			isa = PBXResourcesBuildPhase;
			buildActionMask = 2147483647;
			files = (
			);
			runOnlyForDeploymentPostprocessing = 0;
		};
/* End PBXResourcesBuildPhase section */

/* Begin PBXSourcesBuildPhase section */
		672E3EAA25B9673B00952757 /* Sources */ = {
			isa = PBXSourcesBuildPhase;
			buildActionMask = 2147483647;
			files = (
				672E3EB625B9673B00952757 /* ViewController.swift in Sources */,
				672E3EB225B9673B00952757 /* AppDelegate.swift in Sources */,
				672E3EB425B9673B00952757 /* SceneDelegate.swift in Sources */,
				672E3EE525B9677A00952757 /* FirstCollectionViewCell.swift in Sources */,
			);
			runOnlyForDeploymentPostprocessing = 0;
		};
		672E3EC025B9673C00952757 /* Sources */ = {
			isa = PBXSourcesBuildPhase;
			buildActionMask = 2147483647;
			files = (
				672E3EC925B9673C00952757 /* VerticalScrollTests.swift in Sources */,
			);
			runOnlyForDeploymentPostprocessing = 0;
		};
		672E3ECB25B9673C00952757 /* Sources */ = {
			isa = PBXSourcesBuildPhase;
			buildActionMask = 2147483647;
			files = (
				672E3ED425B9673C00952757 /* VerticalScrollUITests.swift in Sources */,
			);
			runOnlyForDeploymentPostprocessing = 0;
		};
/* End PBXSourcesBuildPhase section */

/* Begin PBXTargetDependency section */
		672E3EC625B9673C00952757 /* PBXTargetDependency */ = {
			isa = PBXTargetDependency;
			target = 672E3EAD25B9673B00952757 /* VerticalScroll */;
			targetProxy = 672E3EC525B9673C00952757 /* PBXContainerItemProxy */;
		};
		672E3ED125B9673C00952757 /* PBXTargetDependency */ = {
			isa = PBXTargetDependency;
			target = 672E3EAD25B9673B00952757 /* VerticalScroll */;
			targetProxy = 672E3ED025B9673C00952757 /* PBXContainerItemProxy */;
		};
/* End PBXTargetDependency section */

/* Begin PBXVariantGroup section */
		672E3EB725B9673B00952757 /* Main.storyboard */ = {
			isa = PBXVariantGroup;
			children = (
				672E3EB825B9673B00952757 /* Base */,
			);
			name = Main.storyboard;
			sourceTree = "<group>";
		};
		672E3EBC25B9673C00952757 /* LaunchScreen.storyboard */ = {
			isa = PBXVariantGroup;
			children = (
				672E3EBD25B9673C00952757 /* Base */,
			);
			name = LaunchScreen.storyboard;
			sourceTree = "<group>";
		};
/* End PBXVariantGroup section */

/* Begin XCBuildConfiguration section */
		672E3ED625B9673C00952757 /* Debug */ = {
			isa = XCBuildConfiguration;
			buildSettings = {
				ALWAYS_SEARCH_USER_PATHS = NO;
				CLANG_ANALYZER_NONNULL = YES;
				CLANG_ANALYZER_NUMBER_OBJECT_CONVERSION = YES_AGGRESSIVE;
				CLANG_CXX_LANGUAGE_STANDARD = "gnu++14";
				CLANG_CXX_LIBRARY = "libc++";
				CLANG_ENABLE_MODULES = YES;
				CLANG_ENABLE_OBJC_ARC = YES;
				CLANG_ENABLE_OBJC_WEAK = YES;
				CLANG_WARN_BLOCK_CAPTURE_AUTORELEASING = YES;
				CLANG_WARN_BOOL_CONVERSION = YES;
				CLANG_WARN_COMMA = YES;
				CLANG_WARN_CONSTANT_CONVERSION = YES;
				CLANG_WARN_DEPRECATED_OBJC_IMPLEMENTATIONS = YES;
				CLANG_WARN_DIRECT_OBJC_ISA_USAGE = YES_ERROR;
				CLANG_WARN_DOCUMENTATION_COMMENTS = YES;
				CLANG_WARN_EMPTY_BODY = YES;
				CLANG_WARN_ENUM_CONVERSION = YES;
				CLANG_WARN_INFINITE_RECURSION = YES;
				CLANG_WARN_INT_CONVERSION = YES;
				CLANG_WARN_NON_LITERAL_NULL_CONVERSION = YES;
				CLANG_WARN_OBJC_IMPLICIT_RETAIN_SELF = YES;
				CLANG_WARN_OBJC_LITERAL_CONVERSION = YES;
				CLANG_WARN_OBJC_ROOT_CLASS = YES_ERROR;
				CLANG_WARN_QUOTED_INCLUDE_IN_FRAMEWORK_HEADER = YES;
				CLANG_WARN_RANGE_LOOP_ANALYSIS = YES;
				CLANG_WARN_STRICT_PROTOTYPES = YES;
				CLANG_WARN_SUSPICIOUS_MOVE = YES;
				CLANG_WARN_UNGUARDED_AVAILABILITY = YES_AGGRESSIVE;
				CLANG_WARN_UNREACHABLE_CODE = YES;
				CLANG_WARN__DUPLICATE_METHOD_MATCH = YES;
				COPY_PHASE_STRIP = NO;
				DEBUG_INFORMATION_FORMAT = dwarf;
				ENABLE_STRICT_OBJC_MSGSEND = YES;
				ENABLE_TESTABILITY = YES;
				GCC_C_LANGUAGE_STANDARD = gnu11;
				GCC_DYNAMIC_NO_PIC = NO;
				GCC_NO_COMMON_BLOCKS = YES;
				GCC_OPTIMIZATION_LEVEL = 0;
				GCC_PREPROCESSOR_DEFINITIONS = (
					"DEBUG=1",
					"$(inherited)",
				);
				GCC_WARN_64_TO_32_BIT_CONVERSION = YES;
				GCC_WARN_ABOUT_RETURN_TYPE = YES_ERROR;
				GCC_WARN_UNDECLARED_SELECTOR = YES;
				GCC_WARN_UNINITIALIZED_AUTOS = YES_AGGRESSIVE;
				GCC_WARN_UNUSED_FUNCTION = YES;
				GCC_WARN_UNUSED_VARIABLE = YES;
				IPHONEOS_DEPLOYMENT_TARGET = 14.3;
				MTL_ENABLE_DEBUG_INFO = INCLUDE_SOURCE;
				MTL_FAST_MATH = YES;
				ONLY_ACTIVE_ARCH = YES;
				SDKROOT = iphoneos;
				SWIFT_ACTIVE_COMPILATION_CONDITIONS = DEBUG;
				SWIFT_OPTIMIZATION_LEVEL = "-Onone";
			};
			name = Debug;
		};
		672E3ED725B9673C00952757 /* Release */ = {
			isa = XCBuildConfiguration;
			buildSettings = {
				ALWAYS_SEARCH_USER_PATHS = NO;
				CLANG_ANALYZER_NONNULL = YES;
				CLANG_ANALYZER_NUMBER_OBJECT_CONVERSION = YES_AGGRESSIVE;
				CLANG_CXX_LANGUAGE_STANDARD = "gnu++14";
				CLANG_CXX_LIBRARY = "libc++";
				CLANG_ENABLE_MODULES = YES;
				CLANG_ENABLE_OBJC_ARC = YES;
				CLANG_ENABLE_OBJC_WEAK = YES;
				CLANG_WARN_BLOCK_CAPTURE_AUTORELEASING = YES;
				CLANG_WARN_BOOL_CONVERSION = YES;
				CLANG_WARN_COMMA = YES;
				CLANG_WARN_CONSTANT_CONVERSION = YES;
				CLANG_WARN_DEPRECATED_OBJC_IMPLEMENTATIONS = YES;
				CLANG_WARN_DIRECT_OBJC_ISA_USAGE = YES_ERROR;
				CLANG_WARN_DOCUMENTATION_COMMENTS = YES;
				CLANG_WARN_EMPTY_BODY = YES;
				CLANG_WARN_ENUM_CONVERSION = YES;
				CLANG_WARN_INFINITE_RECURSION = YES;
				CLANG_WARN_INT_CONVERSION = YES;
				CLANG_WARN_NON_LITERAL_NULL_CONVERSION = YES;
				CLANG_WARN_OBJC_IMPLICIT_RETAIN_SELF = YES;
				CLANG_WARN_OBJC_LITERAL_CONVERSION = YES;
				CLANG_WARN_OBJC_ROOT_CLASS = YES_ERROR;
				CLANG_WARN_QUOTED_INCLUDE_IN_FRAMEWORK_HEADER = YES;
				CLANG_WARN_RANGE_LOOP_ANALYSIS = YES;
				CLANG_WARN_STRICT_PROTOTYPES = YES;
				CLANG_WARN_SUSPICIOUS_MOVE = YES;
				CLANG_WARN_UNGUARDED_AVAILABILITY = YES_AGGRESSIVE;
				CLANG_WARN_UNREACHABLE_CODE = YES;
				CLANG_WARN__DUPLICATE_METHOD_MATCH = YES;
				COPY_PHASE_STRIP = NO;
				DEBUG_INFORMATION_FORMAT = "dwarf-with-dsym";
				ENABLE_NS_ASSERTIONS = NO;
				ENABLE_STRICT_OBJC_MSGSEND = YES;
				GCC_C_LANGUAGE_STANDARD = gnu11;
				GCC_NO_COMMON_BLOCKS = YES;
				GCC_WARN_64_TO_32_BIT_CONVERSION = YES;
				GCC_WARN_ABOUT_RETURN_TYPE = YES_ERROR;
				GCC_WARN_UNDECLARED_SELECTOR = YES;
				GCC_WARN_UNINITIALIZED_AUTOS = YES_AGGRESSIVE;
				GCC_WARN_UNUSED_FUNCTION = YES;
				GCC_WARN_UNUSED_VARIABLE = YES;
				IPHONEOS_DEPLOYMENT_TARGET = 14.3;
				MTL_ENABLE_DEBUG_INFO = NO;
				MTL_FAST_MATH = YES;
				SDKROOT = iphoneos;
				SWIFT_COMPILATION_MODE = wholemodule;
				SWIFT_OPTIMIZATION_LEVEL = "-O";
				VALIDATE_PRODUCT = YES;
			};
			name = Release;
		};
		672E3ED925B9673C00952757 /* Debug */ = {
			isa = XCBuildConfiguration;
			buildSettings = {
				ASSETCATALOG_COMPILER_APPICON_NAME = AppIcon;
				ASSETCATALOG_COMPILER_GLOBAL_ACCENT_COLOR_NAME = AccentColor;
				CODE_SIGN_STYLE = Automatic;
				DEVELOPMENT_TEAM = L9256LJ469;
				INFOPLIST_FILE = VerticalScroll/Info.plist;
				LD_RUNPATH_SEARCH_PATHS = (
					"$(inherited)",
					"@executable_path/Frameworks",
				);
				PRODUCT_BUNDLE_IDENTIFIER = TikTok.VerticalScroll;
				PRODUCT_NAME = "$(TARGET_NAME)";
				SWIFT_VERSION = 5.0;
				TARGETED_DEVICE_FAMILY = "1,2";
			};
			name = Debug;
		};
		672E3EDA25B9673C00952757 /* Release */ = {
			isa = XCBuildConfiguration;
			buildSettings = {
				ASSETCATALOG_COMPILER_APPICON_NAME = AppIcon;
				ASSETCATALOG_COMPILER_GLOBAL_ACCENT_COLOR_NAME = AccentColor;
				CODE_SIGN_STYLE = Automatic;
				DEVELOPMENT_TEAM = L9256LJ469;
				INFOPLIST_FILE = VerticalScroll/Info.plist;
				LD_RUNPATH_SEARCH_PATHS = (
					"$(inherited)",
					"@executable_path/Frameworks",
				);
				PRODUCT_BUNDLE_IDENTIFIER = TikTok.VerticalScroll;
				PRODUCT_NAME = "$(TARGET_NAME)";
				SWIFT_VERSION = 5.0;
				TARGETED_DEVICE_FAMILY = "1,2";
			};
			name = Release;
		};
		672E3EDC25B9673C00952757 /* Debug */ = {
			isa = XCBuildConfiguration;
			buildSettings = {
				ALWAYS_EMBED_SWIFT_STANDARD_LIBRARIES = YES;
				BUNDLE_LOADER = "$(TEST_HOST)";
				CODE_SIGN_STYLE = Automatic;
				DEVELOPMENT_TEAM = L9256LJ469;
				INFOPLIST_FILE = VerticalScrollTests/Info.plist;
				IPHONEOS_DEPLOYMENT_TARGET = 14.3;
				LD_RUNPATH_SEARCH_PATHS = (
					"$(inherited)",
					"@executable_path/Frameworks",
					"@loader_path/Frameworks",
				);
				PRODUCT_BUNDLE_IDENTIFIER = TikTok.VerticalScrollTests;
				PRODUCT_NAME = "$(TARGET_NAME)";
				SWIFT_VERSION = 5.0;
				TARGETED_DEVICE_FAMILY = "1,2";
				TEST_HOST = "$(BUILT_PRODUCTS_DIR)/VerticalScroll.app/VerticalScroll";
			};
			name = Debug;
		};
		672E3EDD25B9673C00952757 /* Release */ = {
			isa = XCBuildConfiguration;
			buildSettings = {
				ALWAYS_EMBED_SWIFT_STANDARD_LIBRARIES = YES;
				BUNDLE_LOADER = "$(TEST_HOST)";
				CODE_SIGN_STYLE = Automatic;
				DEVELOPMENT_TEAM = L9256LJ469;
				INFOPLIST_FILE = VerticalScrollTests/Info.plist;
				IPHONEOS_DEPLOYMENT_TARGET = 14.3;
				LD_RUNPATH_SEARCH_PATHS = (
					"$(inherited)",
					"@executable_path/Frameworks",
					"@loader_path/Frameworks",
				);
				PRODUCT_BUNDLE_IDENTIFIER = TikTok.VerticalScrollTests;
				PRODUCT_NAME = "$(TARGET_NAME)";
				SWIFT_VERSION = 5.0;
				TARGETED_DEVICE_FAMILY = "1,2";
				TEST_HOST = "$(BUILT_PRODUCTS_DIR)/VerticalScroll.app/VerticalScroll";
			};
			name = Release;
		};
		672E3EDF25B9673C00952757 /* Debug */ = {
			isa = XCBuildConfiguration;
			buildSettings = {
				ALWAYS_EMBED_SWIFT_STANDARD_LIBRARIES = YES;
				CODE_SIGN_STYLE = Automatic;
				DEVELOPMENT_TEAM = L9256LJ469;
				INFOPLIST_FILE = VerticalScrollUITests/Info.plist;
				LD_RUNPATH_SEARCH_PATHS = (
					"$(inherited)",
					"@executable_path/Frameworks",
					"@loader_path/Frameworks",
				);
				PRODUCT_BUNDLE_IDENTIFIER = TikTok.VerticalScrollUITests;
				PRODUCT_NAME = "$(TARGET_NAME)";
				SWIFT_VERSION = 5.0;
				TARGETED_DEVICE_FAMILY = "1,2";
				TEST_TARGET_NAME = VerticalScroll;
			};
			name = Debug;
		};
		672E3EE025B9673C00952757 /* Release */ = {
			isa = XCBuildConfiguration;
			buildSettings = {
				ALWAYS_EMBED_SWIFT_STANDARD_LIBRARIES = YES;
				CODE_SIGN_STYLE = Automatic;
				DEVELOPMENT_TEAM = L9256LJ469;
				INFOPLIST_FILE = VerticalScrollUITests/Info.plist;
				LD_RUNPATH_SEARCH_PATHS = (
					"$(inherited)",
					"@executable_path/Frameworks",
					"@loader_path/Frameworks",
				);
				PRODUCT_BUNDLE_IDENTIFIER = TikTok.VerticalScrollUITests;
				PRODUCT_NAME = "$(TARGET_NAME)";
				SWIFT_VERSION = 5.0;
				TARGETED_DEVICE_FAMILY = "1,2";
				TEST_TARGET_NAME = VerticalScroll;
			};
			name = Release;
		};
/* End XCBuildConfiguration section */

/* Begin XCConfigurationList section */
		672E3EA925B9673B00952757 /* Build configuration list for PBXProject "VerticalScroll" */ = {
			isa = XCConfigurationList;
			buildConfigurations = (
				672E3ED625B9673C00952757 /* Debug */,
				672E3ED725B9673C00952757 /* Release */,
			);
			defaultConfigurationIsVisible = 0;
			defaultConfigurationName = Release;
		};
		672E3ED825B9673C00952757 /* Build configuration list for PBXNativeTarget "VerticalScroll" */ = {
			isa = XCConfigurationList;
			buildConfigurations = (
				672E3ED925B9673C00952757 /* Debug */,
				672E3EDA25B9673C00952757 /* Release */,
			);
			defaultConfigurationIsVisible = 0;
			defaultConfigurationName = Release;
		};
		672E3EDB25B9673C00952757 /* Build configuration list for PBXNativeTarget "VerticalScrollTests" */ = {
			isa = XCConfigurationList;
			buildConfigurations = (
				672E3EDC25B9673C00952757 /* Debug */,
				672E3EDD25B9673C00952757 /* Release */,
			);
			defaultConfigurationIsVisible = 0;
			defaultConfigurationName = Release;
		};
		672E3EDE25B9673C00952757 /* Build configuration list for PBXNativeTarget "VerticalScrollUITests" */ = {
			isa = XCConfigurationList;
			buildConfigurations = (
				672E3EDF25B9673C00952757 /* Debug */,
				672E3EE025B9673C00952757 /* Release */,
			);
			defaultConfigurationIsVisible = 0;
			defaultConfigurationName = Release;
		};
/* End XCConfigurationList section */
	};
	rootObject = 672E3EA625B9673B00952757 /* Project object */;
}
